
Microsoft Visual Studio Solution File, Format Version 12.00
# Visual Studio Version 17
VisualStudioVersion = 17.1.32414.318
MinimumVisualStudioVersion = 10.0.40219.1
Project("{9A19103F-16F7-4668-BE54-9A1E7A4F7556}") = "LinkedIn", "LinkedIn.csproj", "{1C61BEA7-4C01-4DE0-828E-EA9B2EF3C336}"
EndProject
Global
	GlobalSection(SolutionConfigurationPlatforms) = preSolution
		Debug|Any CPU = Debug|Any CPU
		Release|Any CPU = Release|Any CPU
	EndGlobalSection
	GlobalSection(ProjectConfigurationPlatforms) = postSolution
		{1C61BEA7-4C01-4DE0-828E-EA9B2EF3C336}.Debug|Any CPU.ActiveCfg = Debug|Any CPU
		{1C61BEA7-4C01-4DE0-828E-EA9B2EF3C336}.Debug|Any CPU.Build.0 = Debug|Any CPU
		{1C61BEA7-4C01-4DE0-828E-EA9B2EF3C336}.Release|Any CPU.ActiveCfg = Release|Any CPU
		{1C61BEA7-4C01-4DE0-828E-EA9B2EF3C336}.Release|Any CPU.Build.0 = Release|Any CPU
	EndGlobalSection
	GlobalSection(SolutionProperties) = preSolution
		HideSolutionNode = FALSE
	EndGlobalSection
	GlobalSection(ExtensibilityGlobals) = postSolution
		SolutionGuid = {4730CD60-CA68-4D20-9ED0-4C0DB91B3D3B}
	EndGlobalSection
EndGlobal
